// !$*UTF8*$!
{
	archiveVersion = 1;
	classes = {
	};
	objectVersion = 55;
	objects = {

/* Begin PBXBuildFile section */
		08B71F435E86C5A80D5FEDD7 /* Pods_CurrencyExchangeApp.framework in Frameworks */ = {isa = PBXBuildFile; fileRef = FB3CBAB70833F8A07DFC5D9A /* Pods_CurrencyExchangeApp.framework */; };
		311D1D41271F5C34001FF27A /* AppDelegate.swift in Sources */ = {isa = PBXBuildFile; fileRef = 311D1D40271F5C34001FF27A /* AppDelegate.swift */; };
		311D1D43271F5C34001FF27A /* SceneDelegate.swift in Sources */ = {isa = PBXBuildFile; fileRef = 311D1D42271F5C34001FF27A /* SceneDelegate.swift */; };
		311D1D45271F5C34001FF27A /* ViewController.swift in Sources */ = {isa = PBXBuildFile; fileRef = 311D1D44271F5C34001FF27A /* ViewController.swift */; };
		311D1D48271F5C34001FF27A /* Main.storyboard in Resources */ = {isa = PBXBuildFile; fileRef = 311D1D46271F5C34001FF27A /* Main.storyboard */; };
		311D1D4A271F5C37001FF27A /* Assets.xcassets in Resources */ = {isa = PBXBuildFile; fileRef = 311D1D49271F5C37001FF27A /* Assets.xcassets */; };
		311D1D4D271F5C37001FF27A /* LaunchScreen.storyboard in Resources */ = {isa = PBXBuildFile; fileRef = 311D1D4B271F5C37001FF27A /* LaunchScreen.storyboard */; };
		31EC90D4271F73EC0078A25E /* FromPickerDelegate.swift in Sources */ = {isa = PBXBuildFile; fileRef = 31EC90D3271F73EC0078A25E /* FromPickerDelegate.swift */; };
		31EC90D6271F74290078A25E /* ToPickerDelegate.swift in Sources */ = {isa = PBXBuildFile; fileRef = 31EC90D5271F74290078A25E /* ToPickerDelegate.swift */; };
/* End PBXBuildFile section */

/* Begin PBXFileReference section */
		2013A73D23A0391923E77C48 /* Pods-CurrencyExchangeApp.release.xcconfig */ = {isa = PBXFileReference; includeInIndex = 1; lastKnownFileType = text.xcconfig; name = "Pods-CurrencyExchangeApp.release.xcconfig"; path = "Target Support Files/Pods-CurrencyExchangeApp/Pods-CurrencyExchangeApp.release.xcconfig"; sourceTree = "<group>"; };
		311D1D3D271F5C34001FF27A /* CurrencyExchangeApp.app */ = {isa = PBXFileReference; explicitFileType = wrapper.application; includeInIndex = 0; path = CurrencyExchangeApp.app; sourceTree = BUILT_PRODUCTS_DIR; };
		311D1D40271F5C34001FF27A /* AppDelegate.swift */ = {isa = PBXFileReference; lastKnownFileType = sourcecode.swift; path = AppDelegate.swift; sourceTree = "<group>"; };
		311D1D42271F5C34001FF27A /* SceneDelegate.swift */ = {isa = PBXFileReference; lastKnownFileType = sourcecode.swift; path = SceneDelegate.swift; sourceTree = "<group>"; };
		311D1D44271F5C34001FF27A /* ViewController.swift */ = {isa = PBXFileReference; lastKnownFileType = sourcecode.swift; path = ViewController.swift; sourceTree = "<group>"; };
		311D1D47271F5C34001FF27A /* Base */ = {isa = PBXFileReference; lastKnownFileType = file.storyboard; name = Base; path = Base.lproj/Main.storyboard; sourceTree = "<group>"; };
		311D1D49271F5C37001FF27A /* Assets.xcassets */ = {isa = PBXFileReference; lastKnownFileType = folder.assetcatalog; path = Assets.xcassets; sourceTree = "<group>"; };
		311D1D4C271F5C37001FF27A /* Base */ = {isa = PBXFileReference; lastKnownFileType = file.storyboard; name = Base; path = Base.lproj/LaunchScreen.storyboard; sourceTree = "<group>"; };
		311D1D4E271F5C37001FF27A /* Info.plist */ = {isa = PBXFileReference; lastKnownFileType = text.plist.xml; path = Info.plist; sourceTree = "<group>"; };
		31EC90D3271F73EC0078A25E /* FromPickerDelegate.swift */ = {isa = PBXFileReference; lastKnownFileType = sourcecode.swift; path = FromPickerDelegate.swift; sourceTree = "<group>"; };
		31EC90D5271F74290078A25E /* ToPickerDelegate.swift */ = {isa = PBXFileReference; lastKnownFileType = sourcecode.swift; path = ToPickerDelegate.swift; sourceTree = "<group>"; };
		F75729F06A9C4691092F6770 /* Pods-CurrencyExchangeApp.debug.xcconfig */ = {isa = PBXFileReference; includeInIndex = 1; lastKnownFileType = text.xcconfig; name = "Pods-CurrencyExchangeApp.debug.xcconfig"; path = "Target Support Files/Pods-CurrencyExchangeApp/Pods-CurrencyExchangeApp.debug.xcconfig"; sourceTree = "<group>"; };
		FB3CBAB70833F8A07DFC5D9A /* Pods_CurrencyExchangeApp.framework */ = {isa = PBXFileReference; explicitFileType = wrapper.framework; includeInIndex = 0; path = Pods_CurrencyExchangeApp.framework; sourceTree = BUILT_PRODUCTS_DIR; };
/* End PBXFileReference section */

/* Begin PBXFrameworksBuildPhase section */
		311D1D3A271F5C34001FF27A /* Frameworks */ = {
			isa = PBXFrameworksBuildPhase;
			buildActionMask = 2147483647;
			files = (
				08B71F435E86C5A80D5FEDD7 /* Pods_CurrencyExchangeApp.framework in Frameworks */,
			);
			runOnlyForDeploymentPostprocessing = 0;
		};
/* End PBXFrameworksBuildPhase section */

/* Begin PBXGroup section */
		311D1D34271F5C33001FF27A = {
			isa = PBXGroup;
			children = (
				311D1D3F271F5C34001FF27A /* CurrencyExchangeApp */,
				311D1D3E271F5C34001FF27A /* Products */,
				CE986742C64222BEDEE44898 /* Pods */,
				6441C2937B91856025DE198A /* Frameworks */,
			);
			sourceTree = "<group>";
		};
		311D1D3E271F5C34001FF27A /* Products */ = {
			isa = PBXGroup;
			children = (
				311D1D3D271F5C34001FF27A /* CurrencyExchangeApp.app */,
			);
			name = Products;
			sourceTree = "<group>";
		};
		311D1D3F271F5C34001FF27A /* CurrencyExchangeApp */ = {
			isa = PBXGroup;
			children = (
				311D1D40271F5C34001FF27A /* AppDelegate.swift */,
				311D1D42271F5C34001FF27A /* SceneDelegate.swift */,
				311D1D44271F5C34001FF27A /* ViewController.swift */,
				311D1D46271F5C34001FF27A /* Main.storyboard */,
				311D1D49271F5C37001FF27A /* Assets.xcassets */,
				311D1D4B271F5C37001FF27A /* LaunchScreen.storyboard */,
				311D1D4E271F5C37001FF27A /* Info.plist */,
				31EC90D3271F73EC0078A25E /* FromPickerDelegate.swift */,
				31EC90D5271F74290078A25E /* ToPickerDelegate.swift */,
			);
			path = CurrencyExchangeApp;
			sourceTree = "<group>";
		};
		6441C2937B91856025DE198A /* Frameworks */ = {
			isa = PBXGroup;
			children = (
				FB3CBAB70833F8A07DFC5D9A /* Pods_CurrencyExchangeApp.framework */,
			);
			name = Frameworks;
			sourceTree = "<group>";
		};
		CE986742C64222BEDEE44898 /* Pods */ = {
			isa = PBXGroup;
			children = (
				F75729F06A9C4691092F6770 /* Pods-CurrencyExchangeApp.debug.xcconfig */,
				2013A73D23A0391923E77C48 /* Pods-CurrencyExchangeApp.release.xcconfig */,
			);
			path = Pods;
			sourceTree = "<group>";
		};
/* End PBXGroup section */

/* Begin PBXNativeTarget section */
		311D1D3C271F5C34001FF27A /* CurrencyExchangeApp */ = {
			isa = PBXNativeTarget;
			buildConfigurationList = 311D1D51271F5C37001FF27A /* Build configuration list for PBXNativeTarget "CurrencyExchangeApp" */;
			buildPhases = (
				E4CEDA1510901A3E828865D6 /* [CP] Check Pods Manifest.lock */,
				311D1D39271F5C34001FF27A /* Sources */,
				311D1D3A271F5C34001FF27A /* Frameworks */,
				311D1D3B271F5C34001FF27A /* Resources */,
				87119C3C86D48A42A716C249 /* [CP] Embed Pods Frameworks */,
			);
			buildRules = (
			);
			dependencies = (
			);
			name = CurrencyExchangeApp;
			productName = CurrencyExchangeApp;
			productReference = 311D1D3D271F5C34001FF27A /* CurrencyExchangeApp.app */;
			productType = "com.apple.product-type.application";
		};
/* End PBXNativeTarget section */

/* Begin PBXProject section */
		311D1D35271F5C33001FF27A /* Project object */ = {
			isa = PBXProject;
			attributes = {
				BuildIndependentTargetsInParallel = 1;
				LastSwiftUpdateCheck = 1300;
				LastUpgradeCheck = 1300;
				TargetAttributes = {
					311D1D3C271F5C34001FF27A = {
						CreatedOnToolsVersion = 13.0;
					};
				};
			};
			buildConfigurationList = 311D1D38271F5C33001FF27A /* Build configuration list for PBXProject "CurrencyExchangeApp" */;
			compatibilityVersion = "Xcode 13.0";
			developmentRegion = en;
			hasScannedForEncodings = 0;
			knownRegions = (
				en,
				Base,
			);
			mainGroup = 311D1D34271F5C33001FF27A;
			productRefGroup = 311D1D3E271F5C34001FF27A /* Products */;
			projectDirPath = "";
			projectRoot = "";
			targets = (
				311D1D3C271F5C34001FF27A /* CurrencyExchangeApp */,
			);
		};
/* End PBXProject section */

/* Begin PBXResourcesBuildPhase section */
		311D1D3B271F5C34001FF27A /* Resources */ = {
			isa = PBXResourcesBuildPhase;
			buildActionMask = 2147483647;
			files = (
				311D1D4D271F5C37001FF27A /* LaunchScreen.storyboard in Resources */,
				311D1D4A271F5C37001FF27A /* Assets.xcassets in Resources */,
				311D1D48271F5C34001FF27A /* Main.storyboard in Resources */,
			);
			runOnlyForDeploymentPostprocessing = 0;
		};
/* End PBXResourcesBuildPhase section */

/* Begin PBXShellScriptBuildPhase section */
		87119C3C86D48A42A716C249 /* [CP] Embed Pods Frameworks */ = {
			isa = PBXShellScriptBuildPhase;
			buildActionMask = 2147483647;
			files = (
			);
			inputFileListPaths = (
				"${PODS_ROOT}/Target Support Files/Pods-CurrencyExchangeApp/Pods-CurrencyExchangeApp-frameworks-${CONFIGURATION}-input-files.xcfilelist",
			);
			name = "[CP] Embed Pods Frameworks";
			outputFileListPaths = (
				"${PODS_ROOT}/Target Support Files/Pods-CurrencyExchangeApp/Pods-CurrencyExchangeApp-frameworks-${CONFIGURATION}-output-files.xcfilelist",
			);
			runOnlyForDeploymentPostprocessing = 0;
			shellPath = /bin/sh;
			shellScript = "\"${PODS_ROOT}/Target Support Files/Pods-CurrencyExchangeApp/Pods-CurrencyExchangeApp-frameworks.sh\"\n";
			showEnvVarsInLog = 0;
		};
		E4CEDA1510901A3E828865D6 /* [CP] Check Pods Manifest.lock */ = {
			isa = PBXShellScriptBuildPhase;
			buildActionMask = 2147483647;
			files = (
			);
			inputFileListPaths = (
			);
			inputPaths = (
				"${PODS_PODFILE_DIR_PATH}/Podfile.lock",
				"${PODS_ROOT}/Manifest.lock",
			);
			name = "[CP] Check Pods Manifest.lock";
			outputFileListPaths = (
			);
			outputPaths = (
				"$(DERIVED_FILE_DIR)/Pods-CurrencyExchangeApp-checkManifestLockResult.txt",
			);
			runOnlyForDeploymentPostprocessing = 0;
			shellPath = /bin/sh;
			shellScript = "diff \"${PODS_PODFILE_DIR_PATH}/Podfile.lock\" \"${PODS_ROOT}/Manifest.lock\" > /dev/null\nif [ $? != 0 ] ; then\n    # print error to STDERR\n    echo \"error: The sandbox is not in sync with the Podfile.lock. Run 'pod install' or update your CocoaPods installation.\" >&2\n    exit 1\nfi\n# This output is used by Xcode 'outputs' to avoid re-running this script phase.\necho \"SUCCESS\" > \"${SCRIPT_OUTPUT_FILE_0}\"\n";
			showEnvVarsInLog = 0;
		};
/* End PBXShellScriptBuildPhase section */

/* Begin PBXSourcesBuildPhase section */
		311D1D39271F5C34001FF27A /* Sources */ = {
			isa = PBXSourcesBuildPhase;
			buildActionMask = 2147483647;
			files = (
				31EC90D4271F73EC0078A25E /* FromPickerDelegate.swift in Sources */,
				31EC90D6271F74290078A25E /* ToPickerDelegate.swift in Sources */,
				311D1D45271F5C34001FF27A /* ViewController.swift in Sources */,
				311D1D41271F5C34001FF27A /* AppDelegate.swift in Sources */,
				311D1D43271F5C34001FF27A /* SceneDelegate.swift in Sources */,
			);
			runOnlyForDeploymentPostprocessing = 0;
		};
/* End PBXSourcesBuildPhase section */

/* Begin PBXVariantGroup section */
		311D1D46271F5C34001FF27A /* Main.storyboard */ = {
			isa = PBXVariantGroup;
			children = (
				311D1D47271F5C34001FF27A /* Base */,
			);
			name = Main.storyboard;
			sourceTree = "<group>";
		};
		311D1D4B271F5C37001FF27A /* LaunchScreen.storyboard */ = {
			isa = PBXVariantGroup;
			children = (
				311D1D4C271F5C37001FF27A /* Base */,
			);
			name = LaunchScreen.storyboard;
			sourceTree = "<group>";
		};
/* End PBXVariantGroup section */

/* Begin XCBuildConfiguration section */
		311D1D4F271F5C37001FF27A /* Debug */ = {
			isa = XCBuildConfiguration;
			buildSettings = {
				ALWAYS_SEARCH_USER_PATHS = NO;
				CLANG_ANALYZER_NONNULL = YES;
				CLANG_ANALYZER_NUMBER_OBJECT_CONVERSION = YES_AGGRESSIVE;
				CLANG_CXX_LANGUAGE_STANDARD = "gnu++17";
				CLANG_CXX_LIBRARY = "libc++";
				CLANG_ENABLE_MODULES = YES;
				CLANG_ENABLE_OBJC_ARC = YES;
				CLANG_ENABLE_OBJC_WEAK = YES;
				CLANG_WARN_BLOCK_CAPTURE_AUTORELEASING = YES;
				CLANG_WARN_BOOL_CONVERSION = YES;
				CLANG_WARN_COMMA = YES;
				CLANG_WARN_CONSTANT_CONVERSION = YES;
				CLANG_WARN_DEPRECATED_OBJC_IMPLEMENTATIONS = YES;
				CLANG_WARN_DIRECT_OBJC_ISA_USAGE = YES_ERROR;
				CLANG_WARN_DOCUMENTATION_COMMENTS = YES;
				CLANG_WARN_EMPTY_BODY = YES;
				CLANG_WARN_ENUM_CONVERSION = YES;
				CLANG_WARN_INFINITE_RECURSION = YES;
				CLANG_WARN_INT_CONVERSION = YES;
				CLANG_WARN_NON_LITERAL_NULL_CONVERSION = YES;
				CLANG_WARN_OBJC_IMPLICIT_RETAIN_SELF = YES;
				CLANG_WARN_OBJC_LITERAL_CONVERSION = YES;
				CLANG_WARN_OBJC_ROOT_CLASS = YES_ERROR;
				CLANG_WARN_QUOTED_INCLUDE_IN_FRAMEWORK_HEADER = YES;
				CLANG_WARN_RANGE_LOOP_ANALYSIS = YES;
				CLANG_WARN_STRICT_PROTOTYPES = YES;
				CLANG_WARN_SUSPICIOUS_MOVE = YES;
				CLANG_WARN_UNGUARDED_AVAILABILITY = YES_AGGRESSIVE;
				CLANG_WARN_UNREACHABLE_CODE = YES;
				CLANG_WARN__DUPLICATE_METHOD_MATCH = YES;
				COPY_PHASE_STRIP = NO;
				DEBUG_INFORMATION_FORMAT = dwarf;
				ENABLE_STRICT_OBJC_MSGSEND = YES;
				ENABLE_TESTABILITY = YES;
				GCC_C_LANGUAGE_STANDARD = gnu11;
				GCC_DYNAMIC_NO_PIC = NO;
				GCC_NO_COMMON_BLOCKS = YES;
				GCC_OPTIMIZATION_LEVEL = 0;
				GCC_PREPROCESSOR_DEFINITIONS = (
					"DEBUG=1",
					"$(inherited)",
				);
				GCC_WARN_64_TO_32_BIT_CONVERSION = YES;
				GCC_WARN_ABOUT_RETURN_TYPE = YES_ERROR;
				GCC_WARN_UNDECLARED_SELECTOR = YES;
				GCC_WARN_UNINITIALIZED_AUTOS = YES_AGGRESSIVE;
				GCC_WARN_UNUSED_FUNCTION = YES;
				GCC_WARN_UNUSED_VARIABLE = YES;
				IPHONEOS_DEPLOYMENT_TARGET = 15.0;
				MTL_ENABLE_DEBUG_INFO = INCLUDE_SOURCE;
				MTL_FAST_MATH = YES;
				ONLY_ACTIVE_ARCH = YES;
				SDKROOT = iphoneos;
				SWIFT_ACTIVE_COMPILATION_CONDITIONS = DEBUG;
				SWIFT_OPTIMIZATION_LEVEL = "-Onone";
			};
			name = Debug;
		};
		311D1D50271F5C37001FF27A /* Release */ = {
			isa = XCBuildConfiguration;
			buildSettings = {
				ALWAYS_SEARCH_USER_PATHS = NO;
				CLANG_ANALYZER_NONNULL = YES;
				CLANG_ANALYZER_NUMBER_OBJECT_CONVERSION = YES_AGGRESSIVE;
				CLANG_CXX_LANGUAGE_STANDARD = "gnu++17";
				CLANG_CXX_LIBRARY = "libc++";
				CLANG_ENABLE_MODULES = YES;
				CLANG_ENABLE_OBJC_ARC = YES;
				CLANG_ENABLE_OBJC_WEAK = YES;
				CLANG_WARN_BLOCK_CAPTURE_AUTORELEASING = YES;
				CLANG_WARN_BOOL_CONVERSION = YES;
				CLANG_WARN_COMMA = YES;
				CLANG_WARN_CONSTANT_CONVERSION = YES;
				CLANG_WARN_DEPRECATED_OBJC_IMPLEMENTATIONS = YES;
				CLANG_WARN_DIRECT_OBJC_ISA_USAGE = YES_ERROR;
				CLANG_WARN_DOCUMENTATION_COMMENTS = YES;
				CLANG_WARN_EMPTY_BODY = YES;
				CLANG_WARN_ENUM_CONVERSION = YES;
				CLANG_WARN_INFINITE_RECURSION = YES;
				CLANG_WARN_INT_CONVERSION = YES;
				CLANG_WARN_NON_LITERAL_NULL_CONVERSION = YES;
				CLANG_WARN_OBJC_IMPLICIT_RETAIN_SELF = YES;
				CLANG_WARN_OBJC_LITERAL_CONVERSION = YES;
				CLANG_WARN_OBJC_ROOT_CLASS = YES_ERROR;
				CLANG_WARN_QUOTED_INCLUDE_IN_FRAMEWORK_HEADER = YES;
				CLANG_WARN_RANGE_LOOP_ANALYSIS = YES;
				CLANG_WARN_STRICT_PROTOTYPES = YES;
				CLANG_WARN_SUSPICIOUS_MOVE = YES;
				CLANG_WARN_UNGUARDED_AVAILABILITY = YES_AGGRESSIVE;
				CLANG_WARN_UNREACHABLE_CODE = YES;
				CLANG_WARN__DUPLICATE_METHOD_MATCH = YES;
				COPY_PHASE_STRIP = NO;
				DEBUG_INFORMATION_FORMAT = "dwarf-with-dsym";
				ENABLE_NS_ASSERTIONS = NO;
				ENABLE_STRICT_OBJC_MSGSEND = YES;
				GCC_C_LANGUAGE_STANDARD = gnu11;
				GCC_NO_COMMON_BLOCKS = YES;
				GCC_WARN_64_TO_32_BIT_CONVERSION = YES;
				GCC_WARN_ABOUT_RETURN_TYPE = YES_ERROR;
				GCC_WARN_UNDECLARED_SELECTOR = YES;
				GCC_WARN_UNINITIALIZED_AUTOS = YES_AGGRESSIVE;
				GCC_WARN_UNUSED_FUNCTION = YES;
				GCC_WARN_UNUSED_VARIABLE = YES;
				IPHONEOS_DEPLOYMENT_TARGET = 15.0;
				MTL_ENABLE_DEBUG_INFO = NO;
				MTL_FAST_MATH = YES;
				SDKROOT = iphoneos;
				SWIFT_COMPILATION_MODE = wholemodule;
				SWIFT_OPTIMIZATION_LEVEL = "-O";
				VALIDATE_PRODUCT = YES;
			};
			name = Release;
		};
		311D1D52271F5C37001FF27A /* Debug */ = {
			isa = XCBuildConfiguration;
			baseConfigurationReference = F75729F06A9C4691092F6770 /* Pods-CurrencyExchangeApp.debug.xcconfig */;
			buildSettings = {
				ASSETCATALOG_COMPILER_APPICON_NAME = AppIcon;
				ASSETCATALOG_COMPILER_GLOBAL_ACCENT_COLOR_NAME = AccentColor;
				CODE_SIGN_STYLE = Automatic;
				CURRENT_PROJECT_VERSION = 1;
				DEVELOPMENT_TEAM = S7J8Z6C4JR;
				GENERATE_INFOPLIST_FILE = YES;
				INFOPLIST_FILE = CurrencyExchangeApp/Info.plist;
				INFOPLIST_KEY_UIApplicationSupportsIndirectInputEvents = YES;
				INFOPLIST_KEY_UILaunchStoryboardName = LaunchScreen;
				INFOPLIST_KEY_UIMainStoryboardFile = Main;
				INFOPLIST_KEY_UISupportedInterfaceOrientations_iPad = "UIInterfaceOrientationPortrait UIInterfaceOrientationPortraitUpsideDown UIInterfaceOrientationLandscapeLeft UIInterfaceOrientationLandscapeRight";
				INFOPLIST_KEY_UISupportedInterfaceOrientations_iPhone = "UIInterfaceOrientationPortrait UIInterfaceOrientationLandscapeLeft UIInterfaceOrientationLandscapeRight";
				LD_RUNPATH_SEARCH_PATHS = (
					"$(inherited)",
					"@executable_path/Frameworks",
				);
				MARKETING_VERSION = 1.0;
				PRODUCT_BUNDLE_IDENTIFIER = edu.neu.fanyian.CurrencyExchangeApp;
				PRODUCT_NAME = "$(TARGET_NAME)";
				SWIFT_EMIT_LOC_STRINGS = YES;
				SWIFT_VERSION = 5.0;
				TARGETED_DEVICE_FAMILY = "1,2";
			};
			name = Debug;
		};
		311D1D53271F5C37001FF27A /* Release */ = {
			isa = XCBuildConfiguration;
			baseConfigurationReference = 2013A73D23A0391923E77C48 /* Pods-CurrencyExchangeApp.release.xcconfig */;
			buildSettings = {
				ASSETCATALOG_COMPILER_APPICON_NAME = AppIcon;
				ASSETCATALOG_COMPILER_GLOBAL_ACCENT_COLOR_NAME = AccentColor;
				CODE_SIGN_STYLE = Automatic;
				CURRENT_PROJECT_VERSION = 1;
				DEVELOPMENT_TEAM = S7J8Z6C4JR;
				GENERATE_INFOPLIST_FILE = YES;
				INFOPLIST_FILE = CurrencyExchangeApp/Info.plist;
				INFOPLIST_KEY_UIApplicationSupportsIndirectInputEvents = YES;
				INFOPLIST_KEY_UILaunchStoryboardName = LaunchScreen;
				INFOPLIST_KEY_UIMainStoryboardFile = Main;
				INFOPLIST_KEY_UISupportedInterfaceOrientations_iPad = "UIInterfaceOrientationPortrait UIInterfaceOrientationPortraitUpsideDown UIInterfaceOrientationLandscapeLeft UIInterfaceOrientationLandscapeRight";
				INFOPLIST_KEY_UISupportedInterfaceOrientations_iPhone = "UIInterfaceOrientationPortrait UIInterfaceOrientationLandscapeLeft UIInterfaceOrientationLandscapeRight";
				LD_RUNPATH_SEARCH_PATHS = (
					"$(inherited)",
					"@executable_path/Frameworks",
				);
				MARKETING_VERSION = 1.0;
				PRODUCT_BUNDLE_IDENTIFIER = edu.neu.fanyian.CurrencyExchangeApp;
				PRODUCT_NAME = "$(TARGET_NAME)";
				SWIFT_EMIT_LOC_STRINGS = YES;
				SWIFT_VERSION = 5.0;
				TARGETED_DEVICE_FAMILY = "1,2";
			};
			name = Release;
		};
/* End XCBuildConfiguration section */

/* Begin XCConfigurationList section */
		311D1D38271F5C33001FF27A /* Build configuration list for PBXProject "CurrencyExchangeApp" */ = {
			isa = XCConfigurationList;
			buildConfigurations = (
				311D1D4F271F5C37001FF27A /* Debug */,
				311D1D50271F5C37001FF27A /* Release */,
			);
			defaultConfigurationIsVisible = 0;
			defaultConfigurationName = Release;
		};
		311D1D51271F5C37001FF27A /* Build configuration list for PBXNativeTarget "CurrencyExchangeApp" */ = {
			isa = XCConfigurationList;
			buildConfigurations = (
				311D1D52271F5C37001FF27A /* Debug */,
				311D1D53271F5C37001FF27A /* Release */,
			);
			defaultConfigurationIsVisible = 0;
			defaultConfigurationName = Release;
		};
/* End XCConfigurationList section */
	};
	rootObject = 311D1D35271F5C33001FF27A /* Project object */;
}
